// !$*UTF8*$!
{
	archiveVersion = 1;
	classes = {
	};
	objectVersion = 48;
	objects = {

/* Begin PBXBuildFile section */
		4809ED6E205DE9EA00583127 /* SignInViewController.swift in Sources */ = {isa = PBXBuildFile; fileRef = 4809ED6D205DE9EA00583127 /* SignInViewController.swift */; };
		480D4F3F20606C8200AFCE13 /* Networking.swift in Sources */ = {isa = PBXBuildFile; fileRef = 480D4F3E20606C8200AFCE13 /* Networking.swift */; };
		480D4F412060724400AFCE13 /* Routes.swift in Sources */ = {isa = PBXBuildFile; fileRef = 480D4F402060724400AFCE13 /* Routes.swift */; };
		4813EA1A206D8A3200E3DC33 /* ViewCampaignViewController.swift in Sources */ = {isa = PBXBuildFile; fileRef = 4813EA19206D8A3200E3DC33 /* ViewCampaignViewController.swift */; };
		48216A93207BF48900EE6EBD /* ProfileViewController.swift in Sources */ = {isa = PBXBuildFile; fileRef = 48216A92207BF48900EE6EBD /* ProfileViewController.swift */; };
		48216A98207BF9FD00EE6EBD /* Profile.storyboard in Resources */ = {isa = PBXBuildFile; fileRef = 48216A94207BF9FD00EE6EBD /* Profile.storyboard */; };
		48216A99207BF9FD00EE6EBD /* ViewCampaignVC.storyboard in Resources */ = {isa = PBXBuildFile; fileRef = 48216A96207BF9FD00EE6EBD /* ViewCampaignVC.storyboard */; };
		48216A9E207BFA1F00EE6EBD /* Campaigns.storyboard in Resources */ = {isa = PBXBuildFile; fileRef = 48216A9A207BFA1F00EE6EBD /* Campaigns.storyboard */; };
		48216A9F207BFA1F00EE6EBD /* CreateCampaign.storyboard in Resources */ = {isa = PBXBuildFile; fileRef = 48216A9C207BFA1F00EE6EBD /* CreateCampaign.storyboard */; };
		48216AA2207BFBCF00EE6EBD /* ProfileInfoCell.swift in Sources */ = {isa = PBXBuildFile; fileRef = 48216AA1207BFBCF00EE6EBD /* ProfileInfoCell.swift */; };
		482561E22065AADD0081BDFD /* FeaturedCampaignCell.swift in Sources */ = {isa = PBXBuildFile; fileRef = 482561E12065AADD0081BDFD /* FeaturedCampaignCell.swift */; };
		482E46812075A20500C79AE9 /* UILabel.swift in Sources */ = {isa = PBXBuildFile; fileRef = 482E46802075A20500C79AE9 /* UILabel.swift */; };
		482E468320770A8000C79AE9 /* CampaignUserCell.swift in Sources */ = {isa = PBXBuildFile; fileRef = 482E468220770A8000C79AE9 /* CampaignUserCell.swift */; };
		482E468520770B7800C79AE9 /* CampaignDescriptionCell.swift in Sources */ = {isa = PBXBuildFile; fileRef = 482E468420770B7800C79AE9 /* CampaignDescriptionCell.swift */; };
		486BA068205DD3D900FAC959 /* CampaignsViewController.swift in Sources */ = {isa = PBXBuildFile; fileRef = 486BA067205DD3D900FAC959 /* CampaignsViewController.swift */; };
		486BA06A205DD65A00FAC959 /* CampaignsTVCell.swift in Sources */ = {isa = PBXBuildFile; fileRef = 486BA069205DD65A00FAC959 /* CampaignsTVCell.swift */; };
		486BA06C205DDB0000FAC959 /* CampaignCVCell.swift in Sources */ = {isa = PBXBuildFile; fileRef = 486BA06B205DDB0000FAC959 /* CampaignCVCell.swift */; };
		4871DE27206420F10048678C /* User.swift in Sources */ = {isa = PBXBuildFile; fileRef = 4871DE26206420F10048678C /* User.swift */; };
		4881478B206AFB57004C6FA0 /* CustomImageView.swift in Sources */ = {isa = PBXBuildFile; fileRef = 4881478A206AFB57004C6FA0 /* CustomImageView.swift */; };
		4891673D20603D2B00F94744 /* CreateCampaignViewController.swift in Sources */ = {isa = PBXBuildFile; fileRef = 4891673C20603D2B00F94744 /* CreateCampaignViewController.swift */; };
		48B49EF9205C744400B1AA8B /* AppDelegate.swift in Sources */ = {isa = PBXBuildFile; fileRef = 48B49EF8205C744400B1AA8B /* AppDelegate.swift */; };
		48B49EFE205C744400B1AA8B /* Main.storyboard in Resources */ = {isa = PBXBuildFile; fileRef = 48B49EFC205C744400B1AA8B /* Main.storyboard */; };
		48B49F00205C744400B1AA8B /* Assets.xcassets in Resources */ = {isa = PBXBuildFile; fileRef = 48B49EFF205C744400B1AA8B /* Assets.xcassets */; };
		48B49F03205C744400B1AA8B /* LaunchScreen.storyboard in Resources */ = {isa = PBXBuildFile; fileRef = 48B49F01205C744400B1AA8B /* LaunchScreen.storyboard */; };
		48B49F0E205C744400B1AA8B /* fj_mobileTests.swift in Sources */ = {isa = PBXBuildFile; fileRef = 48B49F0D205C744400B1AA8B /* fj_mobileTests.swift */; };
		48B49F19205C744400B1AA8B /* fj_mobileUITests.swift in Sources */ = {isa = PBXBuildFile; fileRef = 48B49F18205C744400B1AA8B /* fj_mobileUITests.swift */; };
		EAF8D41F2E6D1E24C29F96CE /* Pods_fj_mobile.framework in Frameworks */ = {isa = PBXBuildFile; fileRef = 117AD37BFDCBA24E3C84A50C /* Pods_fj_mobile.framework */; };
		ECCE5541206B03750097F9B8 /* RegisterUserViewController.swift in Sources */ = {isa = PBXBuildFile; fileRef = ECCE5540206B03750097F9B8 /* RegisterUserViewController.swift */; };
		ECF6D67D206B451A001DE5F6 /* Campaign.swift in Sources */ = {isa = PBXBuildFile; fileRef = ECF6D67C206B451A001DE5F6 /* Campaign.swift */; };
		ECF6D67F206B452A001DE5F6 /* Pledges.swift in Sources */ = {isa = PBXBuildFile; fileRef = ECF6D67E206B452A001DE5F6 /* Pledges.swift */; };
/* End PBXBuildFile section */

/* Begin PBXContainerItemProxy section */
		48B49F0A205C744400B1AA8B /* PBXContainerItemProxy */ = {
			isa = PBXContainerItemProxy;
			containerPortal = 48B49EED205C744400B1AA8B /* Project object */;
			proxyType = 1;
			remoteGlobalIDString = 48B49EF4205C744400B1AA8B;
			remoteInfo = "fj-mobile";
		};
		48B49F15205C744400B1AA8B /* PBXContainerItemProxy */ = {
			isa = PBXContainerItemProxy;
			containerPortal = 48B49EED205C744400B1AA8B /* Project object */;
			proxyType = 1;
			remoteGlobalIDString = 48B49EF4205C744400B1AA8B;
			remoteInfo = "fj-mobile";
		};
/* End PBXContainerItemProxy section */

/* Begin PBXFileReference section */
		02889FE5C9AF2A7971D93A23 /* Pods-fj-mobile.debug.xcconfig */ = {isa = PBXFileReference; includeInIndex = 1; lastKnownFileType = text.xcconfig; name = "Pods-fj-mobile.debug.xcconfig"; path = "Pods/Target Support Files/Pods-fj-mobile/Pods-fj-mobile.debug.xcconfig"; sourceTree = "<group>"; };
		117AD37BFDCBA24E3C84A50C /* Pods_fj_mobile.framework */ = {isa = PBXFileReference; explicitFileType = wrapper.framework; includeInIndex = 0; path = Pods_fj_mobile.framework; sourceTree = BUILT_PRODUCTS_DIR; };
		3363F2057434C563B3F7BEA2 /* Pods-fj-mobile.release.xcconfig */ = {isa = PBXFileReference; includeInIndex = 1; lastKnownFileType = text.xcconfig; name = "Pods-fj-mobile.release.xcconfig"; path = "Pods/Target Support Files/Pods-fj-mobile/Pods-fj-mobile.release.xcconfig"; sourceTree = "<group>"; };
		4809ED6D205DE9EA00583127 /* SignInViewController.swift */ = {isa = PBXFileReference; lastKnownFileType = sourcecode.swift; path = SignInViewController.swift; sourceTree = "<group>"; };
		480D4F3D2060625400AFCE13 /* fj-mobile.entitlements */ = {isa = PBXFileReference; lastKnownFileType = text.plist.entitlements; path = "fj-mobile.entitlements"; sourceTree = "<group>"; };
		480D4F3E20606C8200AFCE13 /* Networking.swift */ = {isa = PBXFileReference; lastKnownFileType = sourcecode.swift; path = Networking.swift; sourceTree = "<group>"; };
		480D4F402060724400AFCE13 /* Routes.swift */ = {isa = PBXFileReference; lastKnownFileType = sourcecode.swift; path = Routes.swift; sourceTree = "<group>"; };
		4813EA19206D8A3200E3DC33 /* ViewCampaignViewController.swift */ = {isa = PBXFileReference; lastKnownFileType = sourcecode.swift; path = ViewCampaignViewController.swift; sourceTree = "<group>"; };
		48216A92207BF48900EE6EBD /* ProfileViewController.swift */ = {isa = PBXFileReference; lastKnownFileType = sourcecode.swift; path = ProfileViewController.swift; sourceTree = "<group>"; };
		48216A95207BF9FD00EE6EBD /* Base */ = {isa = PBXFileReference; lastKnownFileType = file.storyboard; name = Base; path = Base.lproj/Profile.storyboard; sourceTree = "<group>"; };
		48216A97207BF9FD00EE6EBD /* Base */ = {isa = PBXFileReference; lastKnownFileType = file.storyboard; name = Base; path = Base.lproj/ViewCampaignVC.storyboard; sourceTree = "<group>"; };
		48216A9B207BFA1F00EE6EBD /* Base */ = {isa = PBXFileReference; lastKnownFileType = file.storyboard; name = Base; path = Base.lproj/Campaigns.storyboard; sourceTree = "<group>"; };
		48216A9D207BFA1F00EE6EBD /* Base */ = {isa = PBXFileReference; lastKnownFileType = file.storyboard; name = Base; path = Base.lproj/CreateCampaign.storyboard; sourceTree = "<group>"; };
		48216AA1207BFBCF00EE6EBD /* ProfileInfoCell.swift */ = {isa = PBXFileReference; lastKnownFileType = sourcecode.swift; path = ProfileInfoCell.swift; sourceTree = "<group>"; };
		482561E12065AADD0081BDFD /* FeaturedCampaignCell.swift */ = {isa = PBXFileReference; lastKnownFileType = sourcecode.swift; path = FeaturedCampaignCell.swift; sourceTree = "<group>"; };
		482E46802075A20500C79AE9 /* UILabel.swift */ = {isa = PBXFileReference; lastKnownFileType = sourcecode.swift; path = UILabel.swift; sourceTree = "<group>"; };
		482E468220770A8000C79AE9 /* CampaignUserCell.swift */ = {isa = PBXFileReference; lastKnownFileType = sourcecode.swift; path = CampaignUserCell.swift; sourceTree = "<group>"; };
		482E468420770B7800C79AE9 /* CampaignDescriptionCell.swift */ = {isa = PBXFileReference; lastKnownFileType = sourcecode.swift; path = CampaignDescriptionCell.swift; sourceTree = "<group>"; };
		486BA067205DD3D900FAC959 /* CampaignsViewController.swift */ = {isa = PBXFileReference; lastKnownFileType = sourcecode.swift; path = CampaignsViewController.swift; sourceTree = "<group>"; };
		486BA069205DD65A00FAC959 /* CampaignsTVCell.swift */ = {isa = PBXFileReference; lastKnownFileType = sourcecode.swift; path = CampaignsTVCell.swift; sourceTree = "<group>"; };
		486BA06B205DDB0000FAC959 /* CampaignCVCell.swift */ = {isa = PBXFileReference; lastKnownFileType = sourcecode.swift; path = CampaignCVCell.swift; sourceTree = "<group>"; };
		4871DE26206420F10048678C /* User.swift */ = {isa = PBXFileReference; lastKnownFileType = sourcecode.swift; path = User.swift; sourceTree = "<group>"; };
		4881478A206AFB57004C6FA0 /* CustomImageView.swift */ = {isa = PBXFileReference; lastKnownFileType = sourcecode.swift; path = CustomImageView.swift; sourceTree = "<group>"; };
		4891673C20603D2B00F94744 /* CreateCampaignViewController.swift */ = {isa = PBXFileReference; lastKnownFileType = sourcecode.swift; path = CreateCampaignViewController.swift; sourceTree = "<group>"; };
		48B49EF5205C744400B1AA8B /* fj-mobile.app */ = {isa = PBXFileReference; explicitFileType = wrapper.application; includeInIndex = 0; path = "fj-mobile.app"; sourceTree = BUILT_PRODUCTS_DIR; };
		48B49EF8205C744400B1AA8B /* AppDelegate.swift */ = {isa = PBXFileReference; lastKnownFileType = sourcecode.swift; path = AppDelegate.swift; sourceTree = "<group>"; };
		48B49EFD205C744400B1AA8B /* Base */ = {isa = PBXFileReference; lastKnownFileType = file.storyboard; name = Base; path = Base.lproj/Main.storyboard; sourceTree = "<group>"; };
		48B49EFF205C744400B1AA8B /* Assets.xcassets */ = {isa = PBXFileReference; lastKnownFileType = folder.assetcatalog; path = Assets.xcassets; sourceTree = "<group>"; };
		48B49F02205C744400B1AA8B /* Base */ = {isa = PBXFileReference; lastKnownFileType = file.storyboard; name = Base; path = Base.lproj/LaunchScreen.storyboard; sourceTree = "<group>"; };
		48B49F04205C744400B1AA8B /* Info.plist */ = {isa = PBXFileReference; lastKnownFileType = text.plist.xml; path = Info.plist; sourceTree = "<group>"; };
		48B49F09205C744400B1AA8B /* fj-mobileTests.xctest */ = {isa = PBXFileReference; explicitFileType = wrapper.cfbundle; includeInIndex = 0; path = "fj-mobileTests.xctest"; sourceTree = BUILT_PRODUCTS_DIR; };
		48B49F0D205C744400B1AA8B /* fj_mobileTests.swift */ = {isa = PBXFileReference; lastKnownFileType = sourcecode.swift; path = fj_mobileTests.swift; sourceTree = "<group>"; };
		48B49F0F205C744400B1AA8B /* Info.plist */ = {isa = PBXFileReference; lastKnownFileType = text.plist.xml; path = Info.plist; sourceTree = "<group>"; };
		48B49F14205C744400B1AA8B /* fj-mobileUITests.xctest */ = {isa = PBXFileReference; explicitFileType = wrapper.cfbundle; includeInIndex = 0; path = "fj-mobileUITests.xctest"; sourceTree = BUILT_PRODUCTS_DIR; };
		48B49F18205C744400B1AA8B /* fj_mobileUITests.swift */ = {isa = PBXFileReference; lastKnownFileType = sourcecode.swift; path = fj_mobileUITests.swift; sourceTree = "<group>"; };
		48B49F1A205C744400B1AA8B /* Info.plist */ = {isa = PBXFileReference; lastKnownFileType = text.plist.xml; path = Info.plist; sourceTree = "<group>"; };
		ECCE5540206B03750097F9B8 /* RegisterUserViewController.swift */ = {isa = PBXFileReference; lastKnownFileType = sourcecode.swift; path = RegisterUserViewController.swift; sourceTree = "<group>"; };
		ECF6D67C206B451A001DE5F6 /* Campaign.swift */ = {isa = PBXFileReference; lastKnownFileType = sourcecode.swift; path = Campaign.swift; sourceTree = "<group>"; };
		ECF6D67E206B452A001DE5F6 /* Pledges.swift */ = {isa = PBXFileReference; lastKnownFileType = sourcecode.swift; path = Pledges.swift; sourceTree = "<group>"; };
/* End PBXFileReference section */

/* Begin PBXFrameworksBuildPhase section */
		48B49EF2205C744400B1AA8B /* Frameworks */ = {
			isa = PBXFrameworksBuildPhase;
			buildActionMask = 2147483647;
			files = (
				EAF8D41F2E6D1E24C29F96CE /* Pods_fj_mobile.framework in Frameworks */,
			);
			runOnlyForDeploymentPostprocessing = 0;
		};
		48B49F06205C744400B1AA8B /* Frameworks */ = {
			isa = PBXFrameworksBuildPhase;
			buildActionMask = 2147483647;
			files = (
			);
			runOnlyForDeploymentPostprocessing = 0;
		};
		48B49F11205C744400B1AA8B /* Frameworks */ = {
			isa = PBXFrameworksBuildPhase;
			buildActionMask = 2147483647;
			files = (
			);
			runOnlyForDeploymentPostprocessing = 0;
		};
/* End PBXFrameworksBuildPhase section */

/* Begin PBXGroup section */
		48216AA0207BFBB200EE6EBD /* profileVC */ = {
			isa = PBXGroup;
			children = (
				48216AA1207BFBCF00EE6EBD /* ProfileInfoCell.swift */,
			);
			path = profileVC;
			sourceTree = "<group>";
		};
		482E468B207868E500C79AE9 /* campaignsVC */ = {
			isa = PBXGroup;
			children = (
				486BA069205DD65A00FAC959 /* CampaignsTVCell.swift */,
				486BA06B205DDB0000FAC959 /* CampaignCVCell.swift */,
				482561E12065AADD0081BDFD /* FeaturedCampaignCell.swift */,
			);
			path = campaignsVC;
			sourceTree = "<group>";
		};
		482E468E2078691400C79AE9 /* viewCampaignVC */ = {
			isa = PBXGroup;
			children = (
				482E468220770A8000C79AE9 /* CampaignUserCell.swift */,
				482E468420770B7800C79AE9 /* CampaignDescriptionCell.swift */,
			);
			path = viewCampaignVC;
			sourceTree = "<group>";
		};
		486BA064205DD10900FAC959 /* Cells */ = {
			isa = PBXGroup;
			children = (
				48216AA0207BFBB200EE6EBD /* profileVC */,
				482E468E2078691400C79AE9 /* viewCampaignVC */,
				482E468B207868E500C79AE9 /* campaignsVC */,
			);
			path = Cells;
			sourceTree = "<group>";
		};
		4871DE25206420D70048678C /* Models */ = {
			isa = PBXGroup;
			children = (
				4871DE26206420F10048678C /* User.swift */,
				ECF6D67C206B451A001DE5F6 /* Campaign.swift */,
				ECF6D67E206B452A001DE5F6 /* Pledges.swift */,
			);
			path = Models;
			sourceTree = "<group>";
		};
		48814789206AFB31004C6FA0 /* Helpers */ = {
			isa = PBXGroup;
			children = (
				4881478A206AFB57004C6FA0 /* CustomImageView.swift */,
				482E46802075A20500C79AE9 /* UILabel.swift */,
			);
			path = Helpers;
			sourceTree = "<group>";
		};
		4891673B205F32F800F94744 /* Networking */ = {
			isa = PBXGroup;
			children = (
				480D4F3E20606C8200AFCE13 /* Networking.swift */,
				480D4F402060724400AFCE13 /* Routes.swift */,
			);
			path = Networking;
			sourceTree = "<group>";
		};
		48B49EEC205C744400B1AA8B = {
			isa = PBXGroup;
			children = (
				48B49EF7205C744400B1AA8B /* fj-mobile */,
				48B49F0C205C744400B1AA8B /* fj-mobileTests */,
				48B49F17205C744400B1AA8B /* fj-mobileUITests */,
				48B49EF6205C744400B1AA8B /* Products */,
				77425FEF65DA15CE36417D8E /* Pods */,
				9F2331B0DB01721198E30FA1 /* Frameworks */,
			);
			sourceTree = "<group>";
		};
		48B49EF6205C744400B1AA8B /* Products */ = {
			isa = PBXGroup;
			children = (
				48B49EF5205C744400B1AA8B /* fj-mobile.app */,
				48B49F09205C744400B1AA8B /* fj-mobileTests.xctest */,
				48B49F14205C744400B1AA8B /* fj-mobileUITests.xctest */,
			);
			name = Products;
			sourceTree = "<group>";
		};
		48B49EF7205C744400B1AA8B /* fj-mobile */ = {
			isa = PBXGroup;
			children = (
				480D4F3D2060625400AFCE13 /* fj-mobile.entitlements */,
				48B49EF8205C744400B1AA8B /* AppDelegate.swift */,
				48814789206AFB31004C6FA0 /* Helpers */,
				4871DE25206420D70048678C /* Models */,
				4891673B205F32F800F94744 /* Networking */,
				486BA064205DD10900FAC959 /* Cells */,
				48B49F27205C746500B1AA8B /* ViewControllers */,
				48B49F26205C745500B1AA8B /* Storyboards */,
				48B49EFF205C744400B1AA8B /* Assets.xcassets */,
				48B49F01205C744400B1AA8B /* LaunchScreen.storyboard */,
				48B49F04205C744400B1AA8B /* Info.plist */,
			);
			path = "fj-mobile";
			sourceTree = "<group>";
		};
		48B49F0C205C744400B1AA8B /* fj-mobileTests */ = {
			isa = PBXGroup;
			children = (
				48B49F0D205C744400B1AA8B /* fj_mobileTests.swift */,
				48B49F0F205C744400B1AA8B /* Info.plist */,
			);
			path = "fj-mobileTests";
			sourceTree = "<group>";
		};
		48B49F17205C744400B1AA8B /* fj-mobileUITests */ = {
			isa = PBXGroup;
			children = (
				48B49F18205C744400B1AA8B /* fj_mobileUITests.swift */,
				48B49F1A205C744400B1AA8B /* Info.plist */,
			);
			path = "fj-mobileUITests";
			sourceTree = "<group>";
		};
		48B49F26205C745500B1AA8B /* Storyboards */ = {
			isa = PBXGroup;
			children = (
				48B49EFC205C744400B1AA8B /* Main.storyboard */,
				48216A9A207BFA1F00EE6EBD /* Campaigns.storyboard */,
				48216A9C207BFA1F00EE6EBD /* CreateCampaign.storyboard */,
				48216A94207BF9FD00EE6EBD /* Profile.storyboard */,
				48216A96207BF9FD00EE6EBD /* ViewCampaignVC.storyboard */,
			);
			path = Storyboards;
			sourceTree = "<group>";
		};
		48B49F27205C746500B1AA8B /* ViewControllers */ = {
			isa = PBXGroup;
			children = (
				48B7FE9E20813D9B00C30FD2 /* CreateCampaignViewController */,
				4809ED6D205DE9EA00583127 /* SignInViewController.swift */,
				ECCE5540206B03750097F9B8 /* RegisterUserViewController.swift */,
				486BA067205DD3D900FAC959 /* CampaignsViewController.swift */,
				48216A92207BF48900EE6EBD /* ProfileViewController.swift */,
				4891673C20603D2B00F94744 /* CreateCampaignViewController.swift */,
				4813EA19206D8A3200E3DC33 /* ViewCampaignViewController.swift */,
			);
			path = ViewControllers;
			sourceTree = "<group>";
		};
		48B7FE9E20813D9B00C30FD2 /* CreateCampaignViewController */ = {
			isa = PBXGroup;
			children = (
			);
			path = CreateCampaignViewController;
			sourceTree = "<group>";
		};
		77425FEF65DA15CE36417D8E /* Pods */ = {
			isa = PBXGroup;
			children = (
				02889FE5C9AF2A7971D93A23 /* Pods-fj-mobile.debug.xcconfig */,
				3363F2057434C563B3F7BEA2 /* Pods-fj-mobile.release.xcconfig */,
			);
			name = Pods;
			sourceTree = "<group>";
		};
		9F2331B0DB01721198E30FA1 /* Frameworks */ = {
			isa = PBXGroup;
			children = (
				117AD37BFDCBA24E3C84A50C /* Pods_fj_mobile.framework */,
			);
			name = Frameworks;
			sourceTree = "<group>";
		};
/* End PBXGroup section */

/* Begin PBXNativeTarget section */
		48B49EF4205C744400B1AA8B /* fj-mobile */ = {
			isa = PBXNativeTarget;
			buildConfigurationList = 48B49F1D205C744400B1AA8B /* Build configuration list for PBXNativeTarget "fj-mobile" */;
			buildPhases = (
				6EA267D686A1BCE3C693A371 /* [CP] Check Pods Manifest.lock */,
				48B49EF1205C744400B1AA8B /* Sources */,
				48B49EF2205C744400B1AA8B /* Frameworks */,
				48B49EF3205C744400B1AA8B /* Resources */,
				2C86A75EB8AEFA91876FAC4F /* [CP] Embed Pods Frameworks */,
				CB00C36238923C4C53D25443 /* [CP] Copy Pods Resources */,
			);
			buildRules = (
			);
			dependencies = (
			);
			name = "fj-mobile";
			productName = "fj-mobile";
			productReference = 48B49EF5205C744400B1AA8B /* fj-mobile.app */;
			productType = "com.apple.product-type.application";
		};
		48B49F08205C744400B1AA8B /* fj-mobileTests */ = {
			isa = PBXNativeTarget;
			buildConfigurationList = 48B49F20205C744400B1AA8B /* Build configuration list for PBXNativeTarget "fj-mobileTests" */;
			buildPhases = (
				48B49F05205C744400B1AA8B /* Sources */,
				48B49F06205C744400B1AA8B /* Frameworks */,
				48B49F07205C744400B1AA8B /* Resources */,
			);
			buildRules = (
			);
			dependencies = (
				48B49F0B205C744400B1AA8B /* PBXTargetDependency */,
			);
			name = "fj-mobileTests";
			productName = "fj-mobileTests";
			productReference = 48B49F09205C744400B1AA8B /* fj-mobileTests.xctest */;
			productType = "com.apple.product-type.bundle.unit-test";
		};
		48B49F13205C744400B1AA8B /* fj-mobileUITests */ = {
			isa = PBXNativeTarget;
			buildConfigurationList = 48B49F23205C744400B1AA8B /* Build configuration list for PBXNativeTarget "fj-mobileUITests" */;
			buildPhases = (
				48B49F10205C744400B1AA8B /* Sources */,
				48B49F11205C744400B1AA8B /* Frameworks */,
				48B49F12205C744400B1AA8B /* Resources */,
			);
			buildRules = (
			);
			dependencies = (
				48B49F16205C744400B1AA8B /* PBXTargetDependency */,
			);
			name = "fj-mobileUITests";
			productName = "fj-mobileUITests";
			productReference = 48B49F14205C744400B1AA8B /* fj-mobileUITests.xctest */;
			productType = "com.apple.product-type.bundle.ui-testing";
		};
/* End PBXNativeTarget section */

/* Begin PBXProject section */
		48B49EED205C744400B1AA8B /* Project object */ = {
			isa = PBXProject;
			attributes = {
				LastSwiftUpdateCheck = 0920;
				LastUpgradeCheck = 0930;
				ORGANIZATIONNAME = "Tony Cioara";
				TargetAttributes = {
					48B49EF4205C744400B1AA8B = {
						CreatedOnToolsVersion = 9.2;
						ProvisioningStyle = Automatic;
						SystemCapabilities = {
							com.apple.Push = {
								enabled = 1;
							};
						};
					};
					48B49F08205C744400B1AA8B = {
						CreatedOnToolsVersion = 9.2;
						ProvisioningStyle = Automatic;
						TestTargetID = 48B49EF4205C744400B1AA8B;
					};
					48B49F13205C744400B1AA8B = {
						CreatedOnToolsVersion = 9.2;
						ProvisioningStyle = Automatic;
						TestTargetID = 48B49EF4205C744400B1AA8B;
					};
				};
			};
			buildConfigurationList = 48B49EF0205C744400B1AA8B /* Build configuration list for PBXProject "fj-mobile" */;
			compatibilityVersion = "Xcode 8.0";
			developmentRegion = en;
			hasScannedForEncodings = 0;
			knownRegions = (
				en,
				Base,
			);
			mainGroup = 48B49EEC205C744400B1AA8B;
			productRefGroup = 48B49EF6205C744400B1AA8B /* Products */;
			projectDirPath = "";
			projectRoot = "";
			targets = (
				48B49EF4205C744400B1AA8B /* fj-mobile */,
				48B49F08205C744400B1AA8B /* fj-mobileTests */,
				48B49F13205C744400B1AA8B /* fj-mobileUITests */,
			);
		};
/* End PBXProject section */

/* Begin PBXResourcesBuildPhase section */
		48B49EF3205C744400B1AA8B /* Resources */ = {
			isa = PBXResourcesBuildPhase;
			buildActionMask = 2147483647;
			files = (
				48216A9F207BFA1F00EE6EBD /* CreateCampaign.storyboard in Resources */,
				48216A98207BF9FD00EE6EBD /* Profile.storyboard in Resources */,
				48B49F03205C744400B1AA8B /* LaunchScreen.storyboard in Resources */,
				48216A99207BF9FD00EE6EBD /* ViewCampaignVC.storyboard in Resources */,
				48B49F00205C744400B1AA8B /* Assets.xcassets in Resources */,
				48216A9E207BFA1F00EE6EBD /* Campaigns.storyboard in Resources */,
				48B49EFE205C744400B1AA8B /* Main.storyboard in Resources */,
			);
			runOnlyForDeploymentPostprocessing = 0;
		};
		48B49F07205C744400B1AA8B /* Resources */ = {
			isa = PBXResourcesBuildPhase;
			buildActionMask = 2147483647;
			files = (
			);
			runOnlyForDeploymentPostprocessing = 0;
		};
		48B49F12205C744400B1AA8B /* Resources */ = {
			isa = PBXResourcesBuildPhase;
			buildActionMask = 2147483647;
			files = (
			);
			runOnlyForDeploymentPostprocessing = 0;
		};
/* End PBXResourcesBuildPhase section */

/* Begin PBXShellScriptBuildPhase section */
		2C86A75EB8AEFA91876FAC4F /* [CP] Embed Pods Frameworks */ = {
			isa = PBXShellScriptBuildPhase;
			buildActionMask = 2147483647;
			files = (
			);
			inputPaths = (
				"${SRCROOT}/Pods/Target Support Files/Pods-fj-mobile/Pods-fj-mobile-frameworks.sh",
				"${BUILT_PRODUCTS_DIR}/Alamofire/Alamofire.framework",
				"${BUILT_PRODUCTS_DIR}/IQKeyboardManagerSwift/IQKeyboardManagerSwift.framework",
				"${BUILT_PRODUCTS_DIR}/KeychainSwift/KeychainSwift.framework",
				"${BUILT_PRODUCTS_DIR}/Kingfisher/Kingfisher.framework",
			);
			name = "[CP] Embed Pods Frameworks";
			outputPaths = (
				"${TARGET_BUILD_DIR}/${FRAMEWORKS_FOLDER_PATH}/Alamofire.framework",
				"${TARGET_BUILD_DIR}/${FRAMEWORKS_FOLDER_PATH}/IQKeyboardManagerSwift.framework",
				"${TARGET_BUILD_DIR}/${FRAMEWORKS_FOLDER_PATH}/KeychainSwift.framework",
				"${TARGET_BUILD_DIR}/${FRAMEWORKS_FOLDER_PATH}/Kingfisher.framework",
			);
			runOnlyForDeploymentPostprocessing = 0;
			shellPath = /bin/sh;
			shellScript = "\"${SRCROOT}/Pods/Target Support Files/Pods-fj-mobile/Pods-fj-mobile-frameworks.sh\"\n";
			showEnvVarsInLog = 0;
		};
		6EA267D686A1BCE3C693A371 /* [CP] Check Pods Manifest.lock */ = {
			isa = PBXShellScriptBuildPhase;
			buildActionMask = 2147483647;
			files = (
			);
			inputPaths = (
				"${PODS_PODFILE_DIR_PATH}/Podfile.lock",
				"${PODS_ROOT}/Manifest.lock",
			);
			name = "[CP] Check Pods Manifest.lock";
			outputPaths = (
				"$(DERIVED_FILE_DIR)/Pods-fj-mobile-checkManifestLockResult.txt",
			);
			runOnlyForDeploymentPostprocessing = 0;
			shellPath = /bin/sh;
			shellScript = "diff \"${PODS_PODFILE_DIR_PATH}/Podfile.lock\" \"${PODS_ROOT}/Manifest.lock\" > /dev/null\nif [ $? != 0 ] ; then\n    # print error to STDERR\n    echo \"error: The sandbox is not in sync with the Podfile.lock. Run 'pod install' or update your CocoaPods installation.\" >&2\n    exit 1\nfi\n# This output is used by Xcode 'outputs' to avoid re-running this script phase.\necho \"SUCCESS\" > \"${SCRIPT_OUTPUT_FILE_0}\"\n";
			showEnvVarsInLog = 0;
		};
		CB00C36238923C4C53D25443 /* [CP] Copy Pods Resources */ = {
			isa = PBXShellScriptBuildPhase;
			buildActionMask = 2147483647;
			files = (
			);
			inputPaths = (
			);
			name = "[CP] Copy Pods Resources";
			outputPaths = (
			);
			runOnlyForDeploymentPostprocessing = 0;
			shellPath = /bin/sh;
			shellScript = "\"${SRCROOT}/Pods/Target Support Files/Pods-fj-mobile/Pods-fj-mobile-resources.sh\"\n";
			showEnvVarsInLog = 0;
		};
/* End PBXShellScriptBuildPhase section */

/* Begin PBXSourcesBuildPhase section */
		48B49EF1205C744400B1AA8B /* Sources */ = {
			isa = PBXSourcesBuildPhase;
			buildActionMask = 2147483647;
			files = (
				ECCE5541206B03750097F9B8 /* RegisterUserViewController.swift in Sources */,
				486BA068205DD3D900FAC959 /* CampaignsViewController.swift in Sources */,
				4881478B206AFB57004C6FA0 /* CustomImageView.swift in Sources */,
				482561E22065AADD0081BDFD /* FeaturedCampaignCell.swift in Sources */,
				480D4F412060724400AFCE13 /* Routes.swift in Sources */,
				486BA06A205DD65A00FAC959 /* CampaignsTVCell.swift in Sources */,
				482E46812075A20500C79AE9 /* UILabel.swift in Sources */,
				4891673D20603D2B00F94744 /* CreateCampaignViewController.swift in Sources */,
				48B49EF9205C744400B1AA8B /* AppDelegate.swift in Sources */,
				48216AA2207BFBCF00EE6EBD /* ProfileInfoCell.swift in Sources */,
				48216A93207BF48900EE6EBD /* ProfileViewController.swift in Sources */,
				482E468320770A8000C79AE9 /* CampaignUserCell.swift in Sources */,
				4871DE27206420F10048678C /* User.swift in Sources */,
				4809ED6E205DE9EA00583127 /* SignInViewController.swift in Sources */,
				482E468520770B7800C79AE9 /* CampaignDescriptionCell.swift in Sources */,
				ECF6D67F206B452A001DE5F6 /* Pledges.swift in Sources */,
				ECF6D67D206B451A001DE5F6 /* Campaign.swift in Sources */,
				4813EA1A206D8A3200E3DC33 /* ViewCampaignViewController.swift in Sources */,
				486BA06C205DDB0000FAC959 /* CampaignCVCell.swift in Sources */,
				480D4F3F20606C8200AFCE13 /* Networking.swift in Sources */,
			);
			runOnlyForDeploymentPostprocessing = 0;
		};
		48B49F05205C744400B1AA8B /* Sources */ = {
			isa = PBXSourcesBuildPhase;
			buildActionMask = 2147483647;
			files = (
				48B49F0E205C744400B1AA8B /* fj_mobileTests.swift in Sources */,
			);
			runOnlyForDeploymentPostprocessing = 0;
		};
		48B49F10205C744400B1AA8B /* Sources */ = {
			isa = PBXSourcesBuildPhase;
			buildActionMask = 2147483647;
			files = (
				48B49F19205C744400B1AA8B /* fj_mobileUITests.swift in Sources */,
			);
			runOnlyForDeploymentPostprocessing = 0;
		};
/* End PBXSourcesBuildPhase section */

/* Begin PBXTargetDependency section */
		48B49F0B205C744400B1AA8B /* PBXTargetDependency */ = {
			isa = PBXTargetDependency;
			target = 48B49EF4205C744400B1AA8B /* fj-mobile */;
			targetProxy = 48B49F0A205C744400B1AA8B /* PBXContainerItemProxy */;
		};
		48B49F16205C744400B1AA8B /* PBXTargetDependency */ = {
			isa = PBXTargetDependency;
			target = 48B49EF4205C744400B1AA8B /* fj-mobile */;
			targetProxy = 48B49F15205C744400B1AA8B /* PBXContainerItemProxy */;
		};
/* End PBXTargetDependency section */

/* Begin PBXVariantGroup section */
		48216A94207BF9FD00EE6EBD /* Profile.storyboard */ = {
			isa = PBXVariantGroup;
			children = (
				48216A95207BF9FD00EE6EBD /* Base */,
			);
			name = Profile.storyboard;
			sourceTree = "<group>";
		};
		48216A96207BF9FD00EE6EBD /* ViewCampaignVC.storyboard */ = {
			isa = PBXVariantGroup;
			children = (
				48216A97207BF9FD00EE6EBD /* Base */,
			);
			name = ViewCampaignVC.storyboard;
			sourceTree = "<group>";
		};
		48216A9A207BFA1F00EE6EBD /* Campaigns.storyboard */ = {
			isa = PBXVariantGroup;
			children = (
				48216A9B207BFA1F00EE6EBD /* Base */,
			);
			name = Campaigns.storyboard;
			sourceTree = "<group>";
		};
		48216A9C207BFA1F00EE6EBD /* CreateCampaign.storyboard */ = {
			isa = PBXVariantGroup;
			children = (
				48216A9D207BFA1F00EE6EBD /* Base */,
			);
			name = CreateCampaign.storyboard;
			sourceTree = "<group>";
		};
		48B49EFC205C744400B1AA8B /* Main.storyboard */ = {
			isa = PBXVariantGroup;
			children = (
				48B49EFD205C744400B1AA8B /* Base */,
			);
			name = Main.storyboard;
			sourceTree = "<group>";
		};
		48B49F01205C744400B1AA8B /* LaunchScreen.storyboard */ = {
			isa = PBXVariantGroup;
			children = (
				48B49F02205C744400B1AA8B /* Base */,
			);
			name = LaunchScreen.storyboard;
			sourceTree = "<group>";
		};
/* End PBXVariantGroup section */

/* Begin XCBuildConfiguration section */
		48B49F1B205C744400B1AA8B /* Debug */ = {
			isa = XCBuildConfiguration;
			buildSettings = {
				ALWAYS_SEARCH_USER_PATHS = NO;
				CLANG_ANALYZER_NONNULL = YES;
				CLANG_ANALYZER_NUMBER_OBJECT_CONVERSION = YES_AGGRESSIVE;
				CLANG_CXX_LANGUAGE_STANDARD = "gnu++14";
				CLANG_CXX_LIBRARY = "libc++";
				CLANG_ENABLE_MODULES = YES;
				CLANG_ENABLE_OBJC_ARC = YES;
				CLANG_WARN_BLOCK_CAPTURE_AUTORELEASING = YES;
				CLANG_WARN_BOOL_CONVERSION = YES;
				CLANG_WARN_COMMA = YES;
				CLANG_WARN_CONSTANT_CONVERSION = YES;
				CLANG_WARN_DEPRECATED_OBJC_IMPLEMENTATIONS = YES;
				CLANG_WARN_DIRECT_OBJC_ISA_USAGE = YES_ERROR;
				CLANG_WARN_DOCUMENTATION_COMMENTS = YES;
				CLANG_WARN_EMPTY_BODY = YES;
				CLANG_WARN_ENUM_CONVERSION = YES;
				CLANG_WARN_INFINITE_RECURSION = YES;
				CLANG_WARN_INT_CONVERSION = YES;
				CLANG_WARN_NON_LITERAL_NULL_CONVERSION = YES;
				CLANG_WARN_OBJC_IMPLICIT_RETAIN_SELF = YES;
				CLANG_WARN_OBJC_LITERAL_CONVERSION = YES;
				CLANG_WARN_OBJC_ROOT_CLASS = YES_ERROR;
				CLANG_WARN_RANGE_LOOP_ANALYSIS = YES;
				CLANG_WARN_STRICT_PROTOTYPES = YES;
				CLANG_WARN_SUSPICIOUS_MOVE = YES;
				CLANG_WARN_UNGUARDED_AVAILABILITY = YES_AGGRESSIVE;
				CLANG_WARN_UNREACHABLE_CODE = YES;
				CLANG_WARN__DUPLICATE_METHOD_MATCH = YES;
				CODE_SIGN_IDENTITY = "iPhone Developer";
				COPY_PHASE_STRIP = NO;
				DEBUG_INFORMATION_FORMAT = dwarf;
				ENABLE_STRICT_OBJC_MSGSEND = YES;
				ENABLE_TESTABILITY = YES;
				GCC_C_LANGUAGE_STANDARD = gnu11;
				GCC_DYNAMIC_NO_PIC = NO;
				GCC_NO_COMMON_BLOCKS = YES;
				GCC_OPTIMIZATION_LEVEL = 0;
				GCC_PREPROCESSOR_DEFINITIONS = (
					"DEBUG=1",
					"$(inherited)",
				);
				GCC_WARN_64_TO_32_BIT_CONVERSION = YES;
				GCC_WARN_ABOUT_RETURN_TYPE = YES_ERROR;
				GCC_WARN_UNDECLARED_SELECTOR = YES;
				GCC_WARN_UNINITIALIZED_AUTOS = YES_AGGRESSIVE;
				GCC_WARN_UNUSED_FUNCTION = YES;
				GCC_WARN_UNUSED_VARIABLE = YES;
				IPHONEOS_DEPLOYMENT_TARGET = 11.2;
				MTL_ENABLE_DEBUG_INFO = YES;
				ONLY_ACTIVE_ARCH = YES;
				SDKROOT = iphoneos;
				SWIFT_ACTIVE_COMPILATION_CONDITIONS = DEBUG;
				SWIFT_OPTIMIZATION_LEVEL = "-Onone";
			};
			name = Debug;
		};
		48B49F1C205C744400B1AA8B /* Release */ = {
			isa = XCBuildConfiguration;
			buildSettings = {
				ALWAYS_SEARCH_USER_PATHS = NO;
				CLANG_ANALYZER_NONNULL = YES;
				CLANG_ANALYZER_NUMBER_OBJECT_CONVERSION = YES_AGGRESSIVE;
				CLANG_CXX_LANGUAGE_STANDARD = "gnu++14";
				CLANG_CXX_LIBRARY = "libc++";
				CLANG_ENABLE_MODULES = YES;
				CLANG_ENABLE_OBJC_ARC = YES;
				CLANG_WARN_BLOCK_CAPTURE_AUTORELEASING = YES;
				CLANG_WARN_BOOL_CONVERSION = YES;
				CLANG_WARN_COMMA = YES;
				CLANG_WARN_CONSTANT_CONVERSION = YES;
				CLANG_WARN_DEPRECATED_OBJC_IMPLEMENTATIONS = YES;
				CLANG_WARN_DIRECT_OBJC_ISA_USAGE = YES_ERROR;
				CLANG_WARN_DOCUMENTATION_COMMENTS = YES;
				CLANG_WARN_EMPTY_BODY = YES;
				CLANG_WARN_ENUM_CONVERSION = YES;
				CLANG_WARN_INFINITE_RECURSION = YES;
				CLANG_WARN_INT_CONVERSION = YES;
				CLANG_WARN_NON_LITERAL_NULL_CONVERSION = YES;
				CLANG_WARN_OBJC_IMPLICIT_RETAIN_SELF = YES;
				CLANG_WARN_OBJC_LITERAL_CONVERSION = YES;
				CLANG_WARN_OBJC_ROOT_CLASS = YES_ERROR;
				CLANG_WARN_RANGE_LOOP_ANALYSIS = YES;
				CLANG_WARN_STRICT_PROTOTYPES = YES;
				CLANG_WARN_SUSPICIOUS_MOVE = YES;
				CLANG_WARN_UNGUARDED_AVAILABILITY = YES_AGGRESSIVE;
				CLANG_WARN_UNREACHABLE_CODE = YES;
				CLANG_WARN__DUPLICATE_METHOD_MATCH = YES;
				CODE_SIGN_IDENTITY = "iPhone Developer";
				COPY_PHASE_STRIP = NO;
				DEBUG_INFORMATION_FORMAT = "dwarf-with-dsym";
				ENABLE_NS_ASSERTIONS = NO;
				ENABLE_STRICT_OBJC_MSGSEND = YES;
				GCC_C_LANGUAGE_STANDARD = gnu11;
				GCC_NO_COMMON_BLOCKS = YES;
				GCC_WARN_64_TO_32_BIT_CONVERSION = YES;
				GCC_WARN_ABOUT_RETURN_TYPE = YES_ERROR;
				GCC_WARN_UNDECLARED_SELECTOR = YES;
				GCC_WARN_UNINITIALIZED_AUTOS = YES_AGGRESSIVE;
				GCC_WARN_UNUSED_FUNCTION = YES;
				GCC_WARN_UNUSED_VARIABLE = YES;
				IPHONEOS_DEPLOYMENT_TARGET = 11.2;
				MTL_ENABLE_DEBUG_INFO = NO;
				SDKROOT = iphoneos;
				SWIFT_OPTIMIZATION_LEVEL = "-Owholemodule";
				VALIDATE_PRODUCT = YES;
			};
			name = Release;
		};
		48B49F1E205C744400B1AA8B /* Debug */ = {
			isa = XCBuildConfiguration;
			baseConfigurationReference = 02889FE5C9AF2A7971D93A23 /* Pods-fj-mobile.debug.xcconfig */;
			buildSettings = {
				ASSETCATALOG_COMPILER_APPICON_NAME = AppIcon;
				CODE_SIGN_ENTITLEMENTS = "fj-mobile/fj-mobile.entitlements";
				CODE_SIGN_STYLE = Automatic;
				DEVELOPMENT_TEAM = JDYWQEVARC;
				INFOPLIST_FILE = "fj-mobile/Info.plist";
				LD_RUNPATH_SEARCH_PATHS = "$(inherited) @executable_path/Frameworks";
				PRODUCT_BUNDLE_IDENTIFIER = "com.TonyCioara.fj-mobile";
				PRODUCT_NAME = "$(TARGET_NAME)";
				SWIFT_VERSION = 4.0;
				TARGETED_DEVICE_FAMILY = "1,2";
			};
			name = Debug;
		};
		48B49F1F205C744400B1AA8B /* Release */ = {
			isa = XCBuildConfiguration;
			baseConfigurationReference = 3363F2057434C563B3F7BEA2 /* Pods-fj-mobile.release.xcconfig */;
			buildSettings = {
				ASSETCATALOG_COMPILER_APPICON_NAME = AppIcon;
				CODE_SIGN_ENTITLEMENTS = "fj-mobile/fj-mobile.entitlements";
				CODE_SIGN_STYLE = Automatic;
				DEVELOPMENT_TEAM = JDYWQEVARC;
				INFOPLIST_FILE = "fj-mobile/Info.plist";
				LD_RUNPATH_SEARCH_PATHS = "$(inherited) @executable_path/Frameworks";
				PRODUCT_BUNDLE_IDENTIFIER = "com.TonyCioara.fj-mobile";
				PRODUCT_NAME = "$(TARGET_NAME)";
				SWIFT_VERSION = 4.0;
				TARGETED_DEVICE_FAMILY = "1,2";
			};
			name = Release;
		};
		48B49F21205C744400B1AA8B /* Debug */ = {
			isa = XCBuildConfiguration;
			buildSettings = {
				ALWAYS_EMBED_SWIFT_STANDARD_LIBRARIES = YES;
				BUNDLE_LOADER = "$(TEST_HOST)";
				CODE_SIGN_STYLE = Automatic;
				DEVELOPMENT_TEAM = JDYWQEVARC;
				INFOPLIST_FILE = "fj-mobileTests/Info.plist";
				LD_RUNPATH_SEARCH_PATHS = "$(inherited) @executable_path/Frameworks @loader_path/Frameworks";
				PRODUCT_BUNDLE_IDENTIFIER = "com.TonyCioara.fj-mobileTests";
				PRODUCT_NAME = "$(TARGET_NAME)";
				SWIFT_VERSION = 4.0;
				TARGETED_DEVICE_FAMILY = "1,2";
				TEST_HOST = "$(BUILT_PRODUCTS_DIR)/fj-mobile.app/fj-mobile";
			};
			name = Debug;
		};
		48B49F22205C744400B1AA8B /* Release */ = {
			isa = XCBuildConfiguration;
			buildSettings = {
				ALWAYS_EMBED_SWIFT_STANDARD_LIBRARIES = YES;
				BUNDLE_LOADER = "$(TEST_HOST)";
				CODE_SIGN_STYLE = Automatic;
				DEVELOPMENT_TEAM = JDYWQEVARC;
				INFOPLIST_FILE = "fj-mobileTests/Info.plist";
				LD_RUNPATH_SEARCH_PATHS = "$(inherited) @executable_path/Frameworks @loader_path/Frameworks";
				PRODUCT_BUNDLE_IDENTIFIER = "com.TonyCioara.fj-mobileTests";
				PRODUCT_NAME = "$(TARGET_NAME)";
				SWIFT_VERSION = 4.0;
				TARGETED_DEVICE_FAMILY = "1,2";
				TEST_HOST = "$(BUILT_PRODUCTS_DIR)/fj-mobile.app/fj-mobile";
			};
			name = Release;
		};
		48B49F24205C744400B1AA8B /* Debug */ = {
			isa = XCBuildConfiguration;
			buildSettings = {
				ALWAYS_EMBED_SWIFT_STANDARD_LIBRARIES = YES;
				CODE_SIGN_STYLE = Automatic;
				DEVELOPMENT_TEAM = JDYWQEVARC;
				INFOPLIST_FILE = "fj-mobileUITests/Info.plist";
				LD_RUNPATH_SEARCH_PATHS = "$(inherited) @executable_path/Frameworks @loader_path/Frameworks";
				PRODUCT_BUNDLE_IDENTIFIER = "com.TonyCioara.fj-mobileUITests";
				PRODUCT_NAME = "$(TARGET_NAME)";
				SWIFT_VERSION = 4.0;
				TARGETED_DEVICE_FAMILY = "1,2";
				TEST_TARGET_NAME = "fj-mobile";
			};
			name = Debug;
		};
		48B49F25205C744400B1AA8B /* Release */ = {
			isa = XCBuildConfiguration;
			buildSettings = {
				ALWAYS_EMBED_SWIFT_STANDARD_LIBRARIES = YES;
				CODE_SIGN_STYLE = Automatic;
				DEVELOPMENT_TEAM = JDYWQEVARC;
				INFOPLIST_FILE = "fj-mobileUITests/Info.plist";
				LD_RUNPATH_SEARCH_PATHS = "$(inherited) @executable_path/Frameworks @loader_path/Frameworks";
				PRODUCT_BUNDLE_IDENTIFIER = "com.TonyCioara.fj-mobileUITests";
				PRODUCT_NAME = "$(TARGET_NAME)";
				SWIFT_VERSION = 4.0;
				TARGETED_DEVICE_FAMILY = "1,2";
				TEST_TARGET_NAME = "fj-mobile";
			};
			name = Release;
		};
/* End XCBuildConfiguration section */

/* Begin XCConfigurationList section */
		48B49EF0205C744400B1AA8B /* Build configuration list for PBXProject "fj-mobile" */ = {
			isa = XCConfigurationList;
			buildConfigurations = (
				48B49F1B205C744400B1AA8B /* Debug */,
				48B49F1C205C744400B1AA8B /* Release */,
			);
			defaultConfigurationIsVisible = 0;
			defaultConfigurationName = Release;
		};
		48B49F1D205C744400B1AA8B /* Build configuration list for PBXNativeTarget "fj-mobile" */ = {
			isa = XCConfigurationList;
			buildConfigurations = (
				48B49F1E205C744400B1AA8B /* Debug */,
				48B49F1F205C744400B1AA8B /* Release */,
			);
			defaultConfigurationIsVisible = 0;
			defaultConfigurationName = Release;
		};
		48B49F20205C744400B1AA8B /* Build configuration list for PBXNativeTarget "fj-mobileTests" */ = {
			isa = XCConfigurationList;
			buildConfigurations = (
				48B49F21205C744400B1AA8B /* Debug */,
				48B49F22205C744400B1AA8B /* Release */,
			);
			defaultConfigurationIsVisible = 0;
			defaultConfigurationName = Release;
		};
		48B49F23205C744400B1AA8B /* Build configuration list for PBXNativeTarget "fj-mobileUITests" */ = {
			isa = XCConfigurationList;
			buildConfigurations = (
				48B49F24205C744400B1AA8B /* Debug */,
				48B49F25205C744400B1AA8B /* Release */,
			);
			defaultConfigurationIsVisible = 0;
			defaultConfigurationName = Release;
		};
/* End XCConfigurationList section */
	};
	rootObject = 48B49EED205C744400B1AA8B /* Project object */;
}
